
Microsoft Visual Studio Solution File, Format Version 12.00
# Visual Studio 15
VisualStudioVersion = 15.0.28307.168
MinimumVisualStudioVersion = 10.0.40219.1
Project("{FAE04EC0-301F-11D3-BF4B-00C04F79EFBC}") = "TrackerLibrary", "TrackerLibrary\TrackerLibrary.csproj", "{18BE66B8-208D-41EF-BA59-B74AF2CC5DD6}"
EndProject
Project("{FAE04EC0-301F-11D3-BF4B-00C04F79EFBC}") = "TrackerUI", "TrackerUI\TrackerUI.csproj", "{C1A82A9F-3DE0-45E9-8AFC-216B589EF19D}"
EndProject
Global
	GlobalSection(SolutionConfigurationPlatforms) = preSolution
		Debug|Any CPU = Debug|Any CPU
		Release|Any CPU = Release|Any CPU
	EndGlobalSection
	GlobalSection(ProjectConfigurationPlatforms) = postSolution
		{18BE66B8-208D-41EF-BA59-B74AF2CC5DD6}.Debug|Any CPU.ActiveCfg = Debug|Any CPU
		{18BE66B8-208D-41EF-BA59-B74AF2CC5DD6}.Debug|Any CPU.Build.0 = Debug|Any CPU
		{18BE66B8-208D-41EF-BA59-B74AF2CC5DD6}.Release|Any CPU.ActiveCfg = Release|Any CPU
		{18BE66B8-208D-41EF-BA59-B74AF2CC5DD6}.Release|Any CPU.Build.0 = Release|Any CPU
		{C1A82A9F-3DE0-45E9-8AFC-216B589EF19D}.Debug|Any CPU.ActiveCfg = Debug|Any CPU
		{C1A82A9F-3DE0-45E9-8AFC-216B589EF19D}.Debug|Any CPU.Build.0 = Debug|Any CPU
		{C1A82A9F-3DE0-45E9-8AFC-216B589EF19D}.Release|Any CPU.ActiveCfg = Release|Any CPU
		{C1A82A9F-3DE0-45E9-8AFC-216B589EF19D}.Release|Any CPU.Build.0 = Release|Any CPU
	EndGlobalSection
	GlobalSection(SolutionProperties) = preSolution
		HideSolutionNode = FALSE
	EndGlobalSection
	GlobalSection(ExtensibilityGlobals) = postSolution
		SolutionGuid = {5D6AF984-672D-468F-B9C3-2C05285FB165}
	EndGlobalSection
EndGlobal
